
Microsoft Visual Studio Solution File, Format Version 12.00
# Visual Studio Version 17
VisualStudioVersion = 17.9.34622.214
MinimumVisualStudioVersion = 10.0.40219.1
Project("{FAE04EC0-301F-11D3-BF4B-00C04F79EFBC}") = "MvcCoreElastiCacheAWS", "MvcCoreElastiCacheAWS\MvcCoreElastiCacheAWS.csproj", "{72FE4853-397B-4555-A611-1497FE3157F6}"
EndProject
Global
	GlobalSection(SolutionConfigurationPlatforms) = preSolution
		Debug|Any CPU = Debug|Any CPU
		Release|Any CPU = Release|Any CPU
	EndGlobalSection
	GlobalSection(ProjectConfigurationPlatforms) = postSolution
		{72FE4853-397B-4555-A611-1497FE3157F6}.Debug|Any CPU.ActiveCfg = Debug|Any CPU
		{72FE4853-397B-4555-A611-1497FE3157F6}.Debug|Any CPU.Build.0 = Debug|Any CPU
		{72FE4853-397B-4555-A611-1497FE3157F6}.Release|Any CPU.ActiveCfg = Release|Any CPU
		{72FE4853-397B-4555-A611-1497FE3157F6}.Release|Any CPU.Build.0 = Release|Any CPU
	EndGlobalSection
	GlobalSection(SolutionProperties) = preSolution
		HideSolutionNode = FALSE
	EndGlobalSection
	GlobalSection(ExtensibilityGlobals) = postSolution
		SolutionGuid = {68A1FB41-4E43-4D55-A71E-8A3C62D25CEA}
	EndGlobalSection
EndGlobal
